# This file is automatically @generated by Wally.
# It is not intended for manual editing.
registry = "test"

[[package]]
name = "evaera/promise"
version = "4.0.0"
dependencies = []

[[package]]
name = "sleitnick/trove"
version = "1.4.0"
dependencies = []

[[package]]
name = "tcagm-dev/database"
version = "0.2.0"
dependencies = [["Promise", "evaera/promise@4.0.0"], ["ScriptableEvent", "tcagm-dev/scriptableevent@0.1.0"], ["Trove", "sleitnick/trove@1.4.0"], ["Util", "tcagm-dev/util@0.1.4"]]

[[package]]
name = "tcagm-dev/scriptableevent"
version = "0.1.0"
dependencies = []

[[package]]
name = "tcagm-dev/util"
version = "0.1.4"
dependencies = []
